<?xml version="1.0" encoding="UTF-8"?>
<CONFIG>
  <ProjectOptions>
    <Version Value="12"/>
    <General>
      <SessionStorage Value="InProjectDir"/>
      <Title Value="SVG raster image list"/>
      <UseAppBundle Value="False"/>
    </General>
    <BuildModes Count="1">
      <Item1 Name="Default" Default="True"/>
    </BuildModes>
    <RequiredPackages Count="2">
      <Item1><PackageName Value="bgracontrols"/></Item1>
      <Item2><PackageName Value="LCL"/></Item2>
    </RequiredPackages>
    <Units Count="1">
      <Unit0>
        <Filename Value="test_raster_list.lpr"/>
        <IsPartOfProject Value="True"/>
      </Unit0>
    </Units>
  </ProjectOptions>
  <CompilerOptions>
    <Version Value="11"/>
    <Target><Filename Value="test_raster_list"/></Target>
    <SearchPaths>
      <UnitOutputDirectory Value="lib/$(TargetCPU)-$(TargetOS)/$(LCLWidgetType)"/>
    </SearchPaths>
  </CompilerOptions>
</CONFIG>
