<?xml version="1.0" encoding="UTF-8"?>
<CONFIG>
  <ProjectOptions>
    <Version Value="9"/>
    <PathDelim Value="\"/>
    <General>
      <SessionStorage Value="InProjectDir"/>
      <MainUnit Value="0"/>
      <ResourceType Value="res"/>
      <UseXPManifest Value="True"/>
      <XPManifest>
        <DpiAware Value="True"/>
      </XPManifest>
    </General>
    <i18n>
      <EnableI18N LFM="False"/>
    </i18n>
    <VersionInfo>
      <StringTable ProductVersion=""/>
    </VersionInfo>
    <BuildModes Count="2">
      <Item1 Name="Debug" Default="True"/>
      <Item2 Name="Release">
        <CompilerOptions>
          <Version Value="11"/>
          <PathDelim Value="\"/>
          <Target>
            <Filename Value="test_customdrawn_win7"/>
          </Target>
          <SearchPaths>
            <IncludeFiles Value="$(ProjOutDir)"/>
            <UnitOutputDirectory Value="lib\$(TargetCPU)-$(TargetOS)"/>
          </SearchPaths>
          <CodeGeneration>
            <SmartLinkUnit Value="True"/>
            <Optimizations>
              <OptimizationLevel Value="3"/>
              <VariablesInRegisters Value="True"/>
            </Optimizations>
          </CodeGeneration>
          <Linking>
            <Debugging>
              <GenerateDebugInfo Value="False"/>
              <StripSymbols Value="True"/>
            </Debugging>
            <LinkSmart Value="True"/>
            <Options>
              <Win32>
                <GraphicApplication Value="True"/>
              </Win32>
            </Options>
          </Linking>
        </CompilerOptions>
      </Item2>
    </BuildModes>
    <PublishOptions>
      <Version Value="2"/>
      <IncludeFileFilter Value="*.(pas|pp|inc|lfm|lpr|lrs|lpi|lpk|sh|xml)"/>
      <ExcludeFileFilter Value="*.(bak|ppu|o|so);*~;backup"/>
    </PublishOptions>
    <RunParams>
      <local>
        <FormatVersion Value="1"/>
      </local>
    </RunParams>
    <RequiredPackages Count="2">
      <Item1>
        <PackageName Value="bgracontrols"/>
      </Item1>
      <Item2>
        <PackageName Value="LCL"/>
      </Item2>
    </RequiredPackages>
    <Units Count="3">
      <Unit0>
        <Filename Value="test_customdrawn_win7.lpr"/>
        <IsPartOfProject Value="True"/>
      </Unit0>
      <Unit1>
        <Filename Value="utest.pas"/>
        <IsPartOfProject Value="True"/>
        <ComponentName Value="frmTest"/>
        <HasResources Value="True"/>
        <ResourceBaseClass Value="Form"/>
      </Unit1>
      <Unit2>
        <Filename Value="customdrawn_windows7.pas"/>
        <IsPartOfProject Value="True"/>
      </Unit2>
    </Units>
  </ProjectOptions>
  <CompilerOptions>
    <Version Value="11"/>
    <PathDelim Value="\"/>
    <Target>
      <Filename Value="test_customdrawn_win7"/>
    </Target>
    <SearchPaths>
      <IncludeFiles Value="$(ProjOutDir)"/>
      <UnitOutputDirectory Value="lib\$(TargetCPU)-$(TargetOS)"/>
    </SearchPaths>
    <Parsing>
      <SyntaxOptions>
        <IncludeAssertionCode Value="True"/>
      </SyntaxOptions>
    </Parsing>
    <CodeGeneration>
      <Checks>
        <IOChecks Value="True"/>
        <RangeChecks Value="True"/>
        <OverflowChecks Value="True"/>
        <StackChecks Value="True"/>
      </Checks>
      <Optimizations>
        <VariablesInRegisters Value="True"/>
      </Optimizations>
    </CodeGeneration>
    <Linking>
      <Debugging>
        <DebugInfoType Value="dsDwarf2Set"/>
        <UseHeaptrc Value="True"/>
        <StripSymbols Value="True"/>
        <UseExternalDbgSyms Value="True"/>
      </Debugging>
      <Options>
        <Win32>
          <GraphicApplication Value="True"/>
        </Win32>
      </Options>
    </Linking>
  </CompilerOptions>
  <Debugging>
    <Exceptions Count="3">
      <Item1>
        <Name Value="EAbort"/>
      </Item1>
      <Item2>
        <Name Value="ECodetoolError"/>
      </Item2>
      <Item3>
        <Name Value="EFOpenError"/>
      </Item3>
    </Exceptions>
  </Debugging>
</CONFIG>
